
Microsoft Visual Studio Solution File, Format Version 12.00
# Visual Studio Version 16
VisualStudioVersion = 16.0.34114.132
MinimumVisualStudioVersion = 10.0.40219.1
Project("{FAE04EC0-301F-11D3-BF4B-00C04F79EFBC}") = "rdOTP", "rdOTP\rdOTP.csproj", "{CE139036-B150-4C2F-AF42-B1CF8D1B78A7}"
EndProject
Project("{8BC9CEB8-8B4A-11D0-8D11-00A0C91BC942}") = "rdOTPCred", "rdOTPCred\rdOTPCred.vcxproj", "{59A55B9C-339A-4F98-B08E-D8F605914B40}"
EndProject
Project("{8BC9CEB8-8B4A-11D0-8D11-00A0C91BC942}") = "rdOTPWrap", "rdOTPWrap\rdOTPWrap.vcxproj", "{8396ADB2-46DB-4A3D-B877-6ECFE6F3EC6E}"
EndProject
Global
	GlobalSection(SolutionConfigurationPlatforms) = preSolution
		Debug|Any CPU = Debug|Any CPU
		Debug|x64 = Debug|x64
		Debug|x86 = Debug|x86
		Release|Any CPU = Release|Any CPU
		Release|x64 = Release|x64
		Release|x86 = Release|x86
	EndGlobalSection
	GlobalSection(ProjectConfigurationPlatforms) = postSolution
		{CE139036-B150-4C2F-AF42-B1CF8D1B78A7}.Debug|Any CPU.ActiveCfg = Debug|Any CPU
		{CE139036-B150-4C2F-AF42-B1CF8D1B78A7}.Debug|Any CPU.Build.0 = Debug|Any CPU
		{CE139036-B150-4C2F-AF42-B1CF8D1B78A7}.Debug|x64.ActiveCfg = Debug|Any CPU
		{CE139036-B150-4C2F-AF42-B1CF8D1B78A7}.Debug|x64.Build.0 = Debug|Any CPU
		{CE139036-B150-4C2F-AF42-B1CF8D1B78A7}.Debug|x86.ActiveCfg = Debug|Any CPU
		{CE139036-B150-4C2F-AF42-B1CF8D1B78A7}.Debug|x86.Build.0 = Debug|Any CPU
		{CE139036-B150-4C2F-AF42-B1CF8D1B78A7}.Release|Any CPU.ActiveCfg = Release|Any CPU
		{CE139036-B150-4C2F-AF42-B1CF8D1B78A7}.Release|Any CPU.Build.0 = Release|Any CPU
		{CE139036-B150-4C2F-AF42-B1CF8D1B78A7}.Release|x64.ActiveCfg = Release|Any CPU
		{CE139036-B150-4C2F-AF42-B1CF8D1B78A7}.Release|x64.Build.0 = Release|Any CPU
		{CE139036-B150-4C2F-AF42-B1CF8D1B78A7}.Release|x86.ActiveCfg = Release|Any CPU
		{CE139036-B150-4C2F-AF42-B1CF8D1B78A7}.Release|x86.Build.0 = Release|Any CPU
		{59A55B9C-339A-4F98-B08E-D8F605914B40}.Debug|Any CPU.ActiveCfg = Debug|Win32
		{59A55B9C-339A-4F98-B08E-D8F605914B40}.Debug|x64.ActiveCfg = Debug|x64
		{59A55B9C-339A-4F98-B08E-D8F605914B40}.Debug|x64.Build.0 = Debug|x64
		{59A55B9C-339A-4F98-B08E-D8F605914B40}.Debug|x86.ActiveCfg = Debug|Win32
		{59A55B9C-339A-4F98-B08E-D8F605914B40}.Debug|x86.Build.0 = Debug|Win32
		{59A55B9C-339A-4F98-B08E-D8F605914B40}.Release|Any CPU.ActiveCfg = Release|Win32
		{59A55B9C-339A-4F98-B08E-D8F605914B40}.Release|x64.ActiveCfg = Release|x64
		{59A55B9C-339A-4F98-B08E-D8F605914B40}.Release|x64.Build.0 = Release|x64
		{59A55B9C-339A-4F98-B08E-D8F605914B40}.Release|x86.ActiveCfg = Release|Win32
		{59A55B9C-339A-4F98-B08E-D8F605914B40}.Release|x86.Build.0 = Release|Win32
		{8396ADB2-46DB-4A3D-B877-6ECFE6F3EC6E}.Debug|Any CPU.ActiveCfg = Debug|Win32
		{8396ADB2-46DB-4A3D-B877-6ECFE6F3EC6E}.Debug|x64.ActiveCfg = Debug|x64
		{8396ADB2-46DB-4A3D-B877-6ECFE6F3EC6E}.Debug|x64.Build.0 = Debug|x64
		{8396ADB2-46DB-4A3D-B877-6ECFE6F3EC6E}.Debug|x86.ActiveCfg = Debug|Win32
		{8396ADB2-46DB-4A3D-B877-6ECFE6F3EC6E}.Debug|x86.Build.0 = Debug|Win32
		{8396ADB2-46DB-4A3D-B877-6ECFE6F3EC6E}.Release|Any CPU.ActiveCfg = Release|Win32
		{8396ADB2-46DB-4A3D-B877-6ECFE6F3EC6E}.Release|x64.ActiveCfg = Release|x64
		{8396ADB2-46DB-4A3D-B877-6ECFE6F3EC6E}.Release|x64.Build.0 = Release|x64
		{8396ADB2-46DB-4A3D-B877-6ECFE6F3EC6E}.Release|x86.ActiveCfg = Release|Win32
		{8396ADB2-46DB-4A3D-B877-6ECFE6F3EC6E}.Release|x86.Build.0 = Release|Win32
	EndGlobalSection
	GlobalSection(SolutionProperties) = preSolution
		HideSolutionNode = FALSE
	EndGlobalSection
	GlobalSection(ExtensibilityGlobals) = postSolution
		SolutionGuid = {450B69D4-BF55-4327-8B7C-5CBA293E2340}
	EndGlobalSection
EndGlobal
