<?xml version="1.0" encoding="utf-8"?>
<Project ToolsVersion="4.0" xmlns="http://schemas.microsoft.com/developer/msbuild/2003">
  <ItemGroup>
    <Filter Include="소스 파일">
      <UniqueIdentifier>{4FC737F1-C7A5-4376-A066-2A32D752A2FF}</UniqueIdentifier>
      <Extensions>cpp;c;cc;cxx;c++;cppm;ixx;def;odl;idl;hpj;bat;asm;asmx</Extensions>
    </Filter>
    <Filter Include="헤더 파일">
      <UniqueIdentifier>{93995380-89BD-4b04-88EB-625FBE52EBFB}</UniqueIdentifier>
      <Extensions>h;hh;hpp;hxx;h++;hm;inl;inc;ipp;xsd</Extensions>
    </Filter>
    <Filter Include="리소스 파일">
      <UniqueIdentifier>{67DA6AB6-F800-4c08-8B7A-83BB121AAD01}</UniqueIdentifier>
      <Extensions>rc;ico;cur;bmp;dlg;rc2;rct;bin;rgs;gif;jpg;jpeg;jpe;resx;tiff;tif;png;wav;mfcribbon-ms</Extensions>
    </Filter>
    <Filter Include="소스 파일\ETW">
      <UniqueIdentifier>{a5118843-82e8-4aa9-b544-97d2422abdcd}</UniqueIdentifier>
    </Filter>
    <Filter Include="헤더 파일\ETW">
      <UniqueIdentifier>{2ad3933c-e2b8-4306-8eb7-861383ba6211}</UniqueIdentifier>
    </Filter>
    <Filter Include="소스 파일\ProcessManager">
      <UniqueIdentifier>{b2b36246-5015-43c2-85c7-8ea2605a67f1}</UniqueIdentifier>
    </Filter>
    <Filter Include="헤더 파일\ProcessManager">
      <UniqueIdentifier>{060b0351-cca3-42fa-a559-5469382f1326}</UniqueIdentifier>
    </Filter>
  </ItemGroup>
  <ItemGroup>
    <ClCompile Include="main.cpp">
      <Filter>소스 파일</Filter>
    </ClCompile>
    <ClCompile Include="pch.cpp">
      <Filter>소스 파일</Filter>
    </ClCompile>
    <ClCompile Include="ServiceMain.cpp">
      <Filter>소스 파일</Filter>
    </ClCompile>
    <ClCompile Include="ETWTraceManager.cpp">
      <Filter>소스 파일\ETW</Filter>
    </ClCompile>
    <ClCompile Include="ProcessManager.cpp">
      <Filter>소스 파일\ProcessManager</Filter>
    </ClCompile>
    <ClCompile Include="Utils.cpp">
      <Filter>소스 파일</Filter>
    </ClCompile>
  </ItemGroup>
  <ItemGroup>
    <ClInclude Include="pch.h">
      <Filter>헤더 파일</Filter>
    </ClInclude>
    <ClInclude Include="ServiceMain.h">
      <Filter>헤더 파일</Filter>
    </ClInclude>
    <ClInclude Include="ETWTraceManager.h">
      <Filter>헤더 파일\ETW</Filter>
    </ClInclude>
    <ClInclude Include="ProcessManager.h">
      <Filter>헤더 파일\ProcessManager</Filter>
    </ClInclude>
    <ClInclude Include="Utils.h">
      <Filter>헤더 파일</Filter>
    </ClInclude>
  </ItemGroup>
</Project>